// !$*UTF8*$!
{
	archiveVersion = 1;
	classes = {
	};
	objectVersion = 50;
	objects = {

/* Begin PBXBuildFile section */
		32BCD53C25E17AA3008C2FC1 /* AppDelegate.swift in Sources */ = {isa = PBXBuildFile; fileRef = 32BCD53B25E17AA3008C2FC1 /* AppDelegate.swift */; };
		32BCD53E25E17AA3008C2FC1 /* SceneDelegate.swift in Sources */ = {isa = PBXBuildFile; fileRef = 32BCD53D25E17AA3008C2FC1 /* SceneDelegate.swift */; };
		32BCD54025E17AA3008C2FC1 /* ViewController.swift in Sources */ = {isa = PBXBuildFile; fileRef = 32BCD53F25E17AA3008C2FC1 /* ViewController.swift */; };
		32BCD54325E17AA3008C2FC1 /* Main.storyboard in Resources */ = {isa = PBXBuildFile; fileRef = 32BCD54125E17AA3008C2FC1 /* Main.storyboard */; };
		32BCD54525E17AA6008C2FC1 /* Assets.xcassets in Resources */ = {isa = PBXBuildFile; fileRef = 32BCD54425E17AA6008C2FC1 /* Assets.xcassets */; };
		32BCD54825E17AA6008C2FC1 /* LaunchScreen.storyboard in Resources */ = {isa = PBXBuildFile; fileRef = 32BCD54625E17AA6008C2FC1 /* LaunchScreen.storyboard */; };
		32BCD55325E17AA7008C2FC1 /* demo5Tests.swift in Sources */ = {isa = PBXBuildFile; fileRef = 32BCD55225E17AA7008C2FC1 /* demo5Tests.swift */; };
		32BCD55E25E17AA7008C2FC1 /* demo5UITests.swift in Sources */ = {isa = PBXBuildFile; fileRef = 32BCD55D25E17AA7008C2FC1 /* demo5UITests.swift */; };
/* End PBXBuildFile section */

/* Begin PBXContainerItemProxy section */
		32BCD54F25E17AA7008C2FC1 /* PBXContainerItemProxy */ = {
			isa = PBXContainerItemProxy;
			containerPortal = 32BCD53025E17AA2008C2FC1 /* Project object */;
			proxyType = 1;
			remoteGlobalIDString = 32BCD53725E17AA2008C2FC1;
			remoteInfo = demo5;
		};
		32BCD55A25E17AA7008C2FC1 /* PBXContainerItemProxy */ = {
			isa = PBXContainerItemProxy;
			containerPortal = 32BCD53025E17AA2008C2FC1 /* Project object */;
			proxyType = 1;
			remoteGlobalIDString = 32BCD53725E17AA2008C2FC1;
			remoteInfo = demo5;
		};
/* End PBXContainerItemProxy section */

/* Begin PBXFileReference section */
		32BCD53825E17AA2008C2FC1 /* demo5.app */ = {isa = PBXFileReference; explicitFileType = wrapper.application; includeInIndex = 0; path = demo5.app; sourceTree = BUILT_PRODUCTS_DIR; };
		32BCD53B25E17AA3008C2FC1 /* AppDelegate.swift */ = {isa = PBXFileReference; lastKnownFileType = sourcecode.swift; path = AppDelegate.swift; sourceTree = "<group>"; };
		32BCD53D25E17AA3008C2FC1 /* SceneDelegate.swift */ = {isa = PBXFileReference; lastKnownFileType = sourcecode.swift; path = SceneDelegate.swift; sourceTree = "<group>"; };
		32BCD53F25E17AA3008C2FC1 /* ViewController.swift */ = {isa = PBXFileReference; lastKnownFileType = sourcecode.swift; path = ViewController.swift; sourceTree = "<group>"; };
		32BCD54225E17AA3008C2FC1 /* Base */ = {isa = PBXFileReference; lastKnownFileType = file.storyboard; name = Base; path = Base.lproj/Main.storyboard; sourceTree = "<group>"; };
		32BCD54425E17AA6008C2FC1 /* Assets.xcassets */ = {isa = PBXFileReference; lastKnownFileType = folder.assetcatalog; path = Assets.xcassets; sourceTree = "<group>"; };
		32BCD54725E17AA6008C2FC1 /* Base */ = {isa = PBXFileReference; lastKnownFileType = file.storyboard; name = Base; path = Base.lproj/LaunchScreen.storyboard; sourceTree = "<group>"; };
		32BCD54925E17AA6008C2FC1 /* Info.plist */ = {isa = PBXFileReference; lastKnownFileType = text.plist.xml; path = Info.plist; sourceTree = "<group>"; };
		32BCD54E25E17AA7008C2FC1 /* demo5Tests.xctest */ = {isa = PBXFileReference; explicitFileType = wrapper.cfbundle; includeInIndex = 0; path = demo5Tests.xctest; sourceTree = BUILT_PRODUCTS_DIR; };
		32BCD55225E17AA7008C2FC1 /* demo5Tests.swift */ = {isa = PBXFileReference; lastKnownFileType = sourcecode.swift; path = demo5Tests.swift; sourceTree = "<group>"; };
		32BCD55425E17AA7008C2FC1 /* Info.plist */ = {isa = PBXFileReference; lastKnownFileType = text.plist.xml; path = Info.plist; sourceTree = "<group>"; };
		32BCD55925E17AA7008C2FC1 /* demo5UITests.xctest */ = {isa = PBXFileReference; explicitFileType = wrapper.cfbundle; includeInIndex = 0; path = demo5UITests.xctest; sourceTree = BUILT_PRODUCTS_DIR; };
		32BCD55D25E17AA7008C2FC1 /* demo5UITests.swift */ = {isa = PBXFileReference; lastKnownFileType = sourcecode.swift; path = demo5UITests.swift; sourceTree = "<group>"; };
		32BCD55F25E17AA7008C2FC1 /* Info.plist */ = {isa = PBXFileReference; lastKnownFileType = text.plist.xml; path = Info.plist; sourceTree = "<group>"; };
/* End PBXFileReference section */

/* Begin PBXFrameworksBuildPhase section */
		32BCD53525E17AA2008C2FC1 /* Frameworks */ = {
			isa = PBXFrameworksBuildPhase;
			buildActionMask = 2147483647;
			files = (
			);
			runOnlyForDeploymentPostprocessing = 0;
		};
		32BCD54B25E17AA7008C2FC1 /* Frameworks */ = {
			isa = PBXFrameworksBuildPhase;
			buildActionMask = 2147483647;
			files = (
			);
			runOnlyForDeploymentPostprocessing = 0;
		};
		32BCD55625E17AA7008C2FC1 /* Frameworks */ = {
			isa = PBXFrameworksBuildPhase;
			buildActionMask = 2147483647;
			files = (
			);
			runOnlyForDeploymentPostprocessing = 0;
		};
/* End PBXFrameworksBuildPhase section */

/* Begin PBXGroup section */
		32BCD52F25E17AA2008C2FC1 = {
			isa = PBXGroup;
			children = (
				32BCD53A25E17AA2008C2FC1 /* demo5 */,
				32BCD55125E17AA7008C2FC1 /* demo5Tests */,
				32BCD55C25E17AA7008C2FC1 /* demo5UITests */,
				32BCD53925E17AA2008C2FC1 /* Products */,
			);
			sourceTree = "<group>";
		};
		32BCD53925E17AA2008C2FC1 /* Products */ = {
			isa = PBXGroup;
			children = (
				32BCD53825E17AA2008C2FC1 /* demo5.app */,
				32BCD54E25E17AA7008C2FC1 /* demo5Tests.xctest */,
				32BCD55925E17AA7008C2FC1 /* demo5UITests.xctest */,
			);
			name = Products;
			sourceTree = "<group>";
		};
		32BCD53A25E17AA2008C2FC1 /* demo5 */ = {
			isa = PBXGroup;
			children = (
				32BCD53B25E17AA3008C2FC1 /* AppDelegate.swift */,
				32BCD53D25E17AA3008C2FC1 /* SceneDelegate.swift */,
				32BCD53F25E17AA3008C2FC1 /* ViewController.swift */,
				32BCD54125E17AA3008C2FC1 /* Main.storyboard */,
				32BCD54425E17AA6008C2FC1 /* Assets.xcassets */,
				32BCD54625E17AA6008C2FC1 /* LaunchScreen.storyboard */,
				32BCD54925E17AA6008C2FC1 /* Info.plist */,
			);
			path = demo5;
			sourceTree = "<group>";
		};
		32BCD55125E17AA7008C2FC1 /* demo5Tests */ = {
			isa = PBXGroup;
			children = (
				32BCD55225E17AA7008C2FC1 /* demo5Tests.swift */,
				32BCD55425E17AA7008C2FC1 /* Info.plist */,
			);
			path = demo5Tests;
			sourceTree = "<group>";
		};
		32BCD55C25E17AA7008C2FC1 /* demo5UITests */ = {
			isa = PBXGroup;
			children = (
				32BCD55D25E17AA7008C2FC1 /* demo5UITests.swift */,
				32BCD55F25E17AA7008C2FC1 /* Info.plist */,
			);
			path = demo5UITests;
			sourceTree = "<group>";
		};
/* End PBXGroup section */

/* Begin PBXNativeTarget section */
		32BCD53725E17AA2008C2FC1 /* demo5 */ = {
			isa = PBXNativeTarget;
			buildConfigurationList = 32BCD56225E17AA7008C2FC1 /* Build configuration list for PBXNativeTarget "demo5" */;
			buildPhases = (
				32BCD53425E17AA2008C2FC1 /* Sources */,
				32BCD53525E17AA2008C2FC1 /* Frameworks */,
				32BCD53625E17AA2008C2FC1 /* Resources */,
			);
			buildRules = (
			);
			dependencies = (
			);
			name = demo5;
			productName = demo5;
			productReference = 32BCD53825E17AA2008C2FC1 /* demo5.app */;
			productType = "com.apple.product-type.application";
		};
		32BCD54D25E17AA7008C2FC1 /* demo5Tests */ = {
			isa = PBXNativeTarget;
			buildConfigurationList = 32BCD56525E17AA7008C2FC1 /* Build configuration list for PBXNativeTarget "demo5Tests" */;
			buildPhases = (
				32BCD54A25E17AA7008C2FC1 /* Sources */,
				32BCD54B25E17AA7008C2FC1 /* Frameworks */,
				32BCD54C25E17AA7008C2FC1 /* Resources */,
			);
			buildRules = (
			);
			dependencies = (
				32BCD55025E17AA7008C2FC1 /* PBXTargetDependency */,
			);
			name = demo5Tests;
			productName = demo5Tests;
			productReference = 32BCD54E25E17AA7008C2FC1 /* demo5Tests.xctest */;
			productType = "com.apple.product-type.bundle.unit-test";
		};
		32BCD55825E17AA7008C2FC1 /* demo5UITests */ = {
			isa = PBXNativeTarget;
			buildConfigurationList = 32BCD56825E17AA7008C2FC1 /* Build configuration list for PBXNativeTarget "demo5UITests" */;
			buildPhases = (
				32BCD55525E17AA7008C2FC1 /* Sources */,
				32BCD55625E17AA7008C2FC1 /* Frameworks */,
				32BCD55725E17AA7008C2FC1 /* Resources */,
			);
			buildRules = (
			);
			dependencies = (
				32BCD55B25E17AA7008C2FC1 /* PBXTargetDependency */,
			);
			name = demo5UITests;
			productName = demo5UITests;
			productReference = 32BCD55925E17AA7008C2FC1 /* demo5UITests.xctest */;
			productType = "com.apple.product-type.bundle.ui-testing";
		};
/* End PBXNativeTarget section */

/* Begin PBXProject section */
		32BCD53025E17AA2008C2FC1 /* Project object */ = {
			isa = PBXProject;
			attributes = {
				LastSwiftUpdateCheck = 1240;
				LastUpgradeCheck = 1240;
				TargetAttributes = {
					32BCD53725E17AA2008C2FC1 = {
						CreatedOnToolsVersion = 12.4;
					};
					32BCD54D25E17AA7008C2FC1 = {
						CreatedOnToolsVersion = 12.4;
						TestTargetID = 32BCD53725E17AA2008C2FC1;
					};
					32BCD55825E17AA7008C2FC1 = {
						CreatedOnToolsVersion = 12.4;
						TestTargetID = 32BCD53725E17AA2008C2FC1;
					};
				};
			};
			buildConfigurationList = 32BCD53325E17AA2008C2FC1 /* Build configuration list for PBXProject "demo5" */;
			compatibilityVersion = "Xcode 9.3";
			developmentRegion = en;
			hasScannedForEncodings = 0;
			knownRegions = (
				en,
				Base,
			);
			mainGroup = 32BCD52F25E17AA2008C2FC1;
			productRefGroup = 32BCD53925E17AA2008C2FC1 /* Products */;
			projectDirPath = "";
			projectRoot = "";
			targets = (
				32BCD53725E17AA2008C2FC1 /* demo5 */,
				32BCD54D25E17AA7008C2FC1 /* demo5Tests */,
				32BCD55825E17AA7008C2FC1 /* demo5UITests */,
			);
		};
/* End PBXProject section */

/* Begin PBXResourcesBuildPhase section */
		32BCD53625E17AA2008C2FC1 /* Resources */ = {
			isa = PBXResourcesBuildPhase;
			buildActionMask = 2147483647;
			files = (
				32BCD54825E17AA6008C2FC1 /* LaunchScreen.storyboard in Resources */,
				32BCD54525E17AA6008C2FC1 /* Assets.xcassets in Resources */,
				32BCD54325E17AA3008C2FC1 /* Main.storyboard in Resources */,
			);
			runOnlyForDeploymentPostprocessing = 0;
		};
		32BCD54C25E17AA7008C2FC1 /* Resources */ = {
			isa = PBXResourcesBuildPhase;
			buildActionMask = 2147483647;
			files = (
			);
			runOnlyForDeploymentPostprocessing = 0;
		};
		32BCD55725E17AA7008C2FC1 /* Resources */ = {
			isa = PBXResourcesBuildPhase;
			buildActionMask = 2147483647;
			files = (
			);
			runOnlyForDeploymentPostprocessing = 0;
		};
/* End PBXResourcesBuildPhase section */

/* Begin PBXSourcesBuildPhase section */
		32BCD53425E17AA2008C2FC1 /* Sources */ = {
			isa = PBXSourcesBuildPhase;
			buildActionMask = 2147483647;
			files = (
				32BCD54025E17AA3008C2FC1 /* ViewController.swift in Sources */,
				32BCD53C25E17AA3008C2FC1 /* AppDelegate.swift in Sources */,
				32BCD53E25E17AA3008C2FC1 /* SceneDelegate.swift in Sources */,
			);
			runOnlyForDeploymentPostprocessing = 0;
		};
		32BCD54A25E17AA7008C2FC1 /* Sources */ = {
			isa = PBXSourcesBuildPhase;
			buildActionMask = 2147483647;
			files = (
				32BCD55325E17AA7008C2FC1 /* demo5Tests.swift in Sources */,
			);
			runOnlyForDeploymentPostprocessing = 0;
		};
		32BCD55525E17AA7008C2FC1 /* Sources */ = {
			isa = PBXSourcesBuildPhase;
			buildActionMask = 2147483647;
			files = (
				32BCD55E25E17AA7008C2FC1 /* demo5UITests.swift in Sources */,
			);
			runOnlyForDeploymentPostprocessing = 0;
		};
/* End PBXSourcesBuildPhase section */

/* Begin PBXTargetDependency section */
		32BCD55025E17AA7008C2FC1 /* PBXTargetDependency */ = {
			isa = PBXTargetDependency;
			target = 32BCD53725E17AA2008C2FC1 /* demo5 */;
			targetProxy = 32BCD54F25E17AA7008C2FC1 /* PBXContainerItemProxy */;
		};
		32BCD55B25E17AA7008C2FC1 /* PBXTargetDependency */ = {
			isa = PBXTargetDependency;
			target = 32BCD53725E17AA2008C2FC1 /* demo5 */;
			targetProxy = 32BCD55A25E17AA7008C2FC1 /* PBXContainerItemProxy */;
		};
/* End PBXTargetDependency section */

/* Begin PBXVariantGroup section */
		32BCD54125E17AA3008C2FC1 /* Main.storyboard */ = {
			isa = PBXVariantGroup;
			children = (
				32BCD54225E17AA3008C2FC1 /* Base */,
			);
			name = Main.storyboard;
			sourceTree = "<group>";
		};
		32BCD54625E17AA6008C2FC1 /* LaunchScreen.storyboard */ = {
			isa = PBXVariantGroup;
			children = (
				32BCD54725E17AA6008C2FC1 /* Base */,
			);
			name = LaunchScreen.storyboard;
			sourceTree = "<group>";
		};
/* End PBXVariantGroup section */

/* Begin XCBuildConfiguration section */
		32BCD56025E17AA7008C2FC1 /* Debug */ = {
			isa = XCBuildConfiguration;
			buildSettings = {
				ALWAYS_SEARCH_USER_PATHS = NO;
				CLANG_ANALYZER_NONNULL = YES;
				CLANG_ANALYZER_NUMBER_OBJECT_CONVERSION = YES_AGGRESSIVE;
				CLANG_CXX_LANGUAGE_STANDARD = "gnu++14";
				CLANG_CXX_LIBRARY = "libc++";
				CLANG_ENABLE_MODULES = YES;
				CLANG_ENABLE_OBJC_ARC = YES;
				CLANG_ENABLE_OBJC_WEAK = YES;
				CLANG_WARN_BLOCK_CAPTURE_AUTORELEASING = YES;
				CLANG_WARN_BOOL_CONVERSION = YES;
				CLANG_WARN_COMMA = YES;
				CLANG_WARN_CONSTANT_CONVERSION = YES;
				CLANG_WARN_DEPRECATED_OBJC_IMPLEMENTATIONS = YES;
				CLANG_WARN_DIRECT_OBJC_ISA_USAGE = YES_ERROR;
				CLANG_WARN_DOCUMENTATION_COMMENTS = YES;
				CLANG_WARN_EMPTY_BODY = YES;
				CLANG_WARN_ENUM_CONVERSION = YES;
				CLANG_WARN_INFINITE_RECURSION = YES;
				CLANG_WARN_INT_CONVERSION = YES;
				CLANG_WARN_NON_LITERAL_NULL_CONVERSION = YES;
				CLANG_WARN_OBJC_IMPLICIT_RETAIN_SELF = YES;
				CLANG_WARN_OBJC_LITERAL_CONVERSION = YES;
				CLANG_WARN_OBJC_ROOT_CLASS = YES_ERROR;
				CLANG_WARN_QUOTED_INCLUDE_IN_FRAMEWORK_HEADER = YES;
				CLANG_WARN_RANGE_LOOP_ANALYSIS = YES;
				CLANG_WARN_STRICT_PROTOTYPES = YES;
				CLANG_WARN_SUSPICIOUS_MOVE = YES;
				CLANG_WARN_UNGUARDED_AVAILABILITY = YES_AGGRESSIVE;
				CLANG_WARN_UNREACHABLE_CODE = YES;
				CLANG_WARN__DUPLICATE_METHOD_MATCH = YES;
				COPY_PHASE_STRIP = NO;
				DEBUG_INFORMATION_FORMAT = dwarf;
				ENABLE_STRICT_OBJC_MSGSEND = YES;
				ENABLE_TESTABILITY = YES;
				GCC_C_LANGUAGE_STANDARD = gnu11;
				GCC_DYNAMIC_NO_PIC = NO;
				GCC_NO_COMMON_BLOCKS = YES;
				GCC_OPTIMIZATION_LEVEL = 0;
				GCC_PREPROCESSOR_DEFINITIONS = (
					"DEBUG=1",
					"$(inherited)",
				);
				GCC_WARN_64_TO_32_BIT_CONVERSION = YES;
				GCC_WARN_ABOUT_RETURN_TYPE = YES_ERROR;
				GCC_WARN_UNDECLARED_SELECTOR = YES;
				GCC_WARN_UNINITIALIZED_AUTOS = YES_AGGRESSIVE;
				GCC_WARN_UNUSED_FUNCTION = YES;
				GCC_WARN_UNUSED_VARIABLE = YES;
				IPHONEOS_DEPLOYMENT_TARGET = 14.4;
				MTL_ENABLE_DEBUG_INFO = INCLUDE_SOURCE;
				MTL_FAST_MATH = YES;
				ONLY_ACTIVE_ARCH = YES;
				SDKROOT = iphoneos;
				SWIFT_ACTIVE_COMPILATION_CONDITIONS = DEBUG;
				SWIFT_OPTIMIZATION_LEVEL = "-Onone";
			};
			name = Debug;
		};
		32BCD56125E17AA7008C2FC1 /* Release */ = {
			isa = XCBuildConfiguration;
			buildSettings = {
				ALWAYS_SEARCH_USER_PATHS = NO;
				CLANG_ANALYZER_NONNULL = YES;
				CLANG_ANALYZER_NUMBER_OBJECT_CONVERSION = YES_AGGRESSIVE;
				CLANG_CXX_LANGUAGE_STANDARD = "gnu++14";
				CLANG_CXX_LIBRARY = "libc++";
				CLANG_ENABLE_MODULES = YES;
				CLANG_ENABLE_OBJC_ARC = YES;
				CLANG_ENABLE_OBJC_WEAK = YES;
				CLANG_WARN_BLOCK_CAPTURE_AUTORELEASING = YES;
				CLANG_WARN_BOOL_CONVERSION = YES;
				CLANG_WARN_COMMA = YES;
				CLANG_WARN_CONSTANT_CONVERSION = YES;
				CLANG_WARN_DEPRECATED_OBJC_IMPLEMENTATIONS = YES;
				CLANG_WARN_DIRECT_OBJC_ISA_USAGE = YES_ERROR;
				CLANG_WARN_DOCUMENTATION_COMMENTS = YES;
				CLANG_WARN_EMPTY_BODY = YES;
				CLANG_WARN_ENUM_CONVERSION = YES;
				CLANG_WARN_INFINITE_RECURSION = YES;
				CLANG_WARN_INT_CONVERSION = YES;
				CLANG_WARN_NON_LITERAL_NULL_CONVERSION = YES;
				CLANG_WARN_OBJC_IMPLICIT_RETAIN_SELF = YES;
				CLANG_WARN_OBJC_LITERAL_CONVERSION = YES;
				CLANG_WARN_OBJC_ROOT_CLASS = YES_ERROR;
				CLANG_WARN_QUOTED_INCLUDE_IN_FRAMEWORK_HEADER = YES;
				CLANG_WARN_RANGE_LOOP_ANALYSIS = YES;
				CLANG_WARN_STRICT_PROTOTYPES = YES;
				CLANG_WARN_SUSPICIOUS_MOVE = YES;
				CLANG_WARN_UNGUARDED_AVAILABILITY = YES_AGGRESSIVE;
				CLANG_WARN_UNREACHABLE_CODE = YES;
				CLANG_WARN__DUPLICATE_METHOD_MATCH = YES;
				COPY_PHASE_STRIP = NO;
				DEBUG_INFORMATION_FORMAT = "dwarf-with-dsym";
				ENABLE_NS_ASSERTIONS = NO;
				ENABLE_STRICT_OBJC_MSGSEND = YES;
				GCC_C_LANGUAGE_STANDARD = gnu11;
				GCC_NO_COMMON_BLOCKS = YES;
				GCC_WARN_64_TO_32_BIT_CONVERSION = YES;
				GCC_WARN_ABOUT_RETURN_TYPE = YES_ERROR;
				GCC_WARN_UNDECLARED_SELECTOR = YES;
				GCC_WARN_UNINITIALIZED_AUTOS = YES_AGGRESSIVE;
				GCC_WARN_UNUSED_FUNCTION = YES;
				GCC_WARN_UNUSED_VARIABLE = YES;
				IPHONEOS_DEPLOYMENT_TARGET = 14.4;
				MTL_ENABLE_DEBUG_INFO = NO;
				MTL_FAST_MATH = YES;
				SDKROOT = iphoneos;
				SWIFT_COMPILATION_MODE = wholemodule;
				SWIFT_OPTIMIZATION_LEVEL = "-O";
				VALIDATE_PRODUCT = YES;
			};
			name = Release;
		};
		32BCD56325E17AA7008C2FC1 /* Debug */ = {
			isa = XCBuildConfiguration;
			buildSettings = {
				ASSETCATALOG_COMPILER_APPICON_NAME = AppIcon;
				ASSETCATALOG_COMPILER_GLOBAL_ACCENT_COLOR_NAME = AccentColor;
				CODE_SIGN_STYLE = Automatic;
				INFOPLIST_FILE = demo5/Info.plist;
				LD_RUNPATH_SEARCH_PATHS = (
					"$(inherited)",
					"@executable_path/Frameworks",
				);
				PRODUCT_BUNDLE_IDENTIFIER = com.litech.demo5;
				PRODUCT_NAME = "$(TARGET_NAME)";
				SWIFT_VERSION = 5.0;
				TARGETED_DEVICE_FAMILY = "1,2";
			};
			name = Debug;
		};
		32BCD56425E17AA7008C2FC1 /* Release */ = {
			isa = XCBuildConfiguration;
			buildSettings = {
				ASSETCATALOG_COMPILER_APPICON_NAME = AppIcon;
				ASSETCATALOG_COMPILER_GLOBAL_ACCENT_COLOR_NAME = AccentColor;
				CODE_SIGN_STYLE = Automatic;
				INFOPLIST_FILE = demo5/Info.plist;
				LD_RUNPATH_SEARCH_PATHS = (
					"$(inherited)",
					"@executable_path/Frameworks",
				);
				PRODUCT_BUNDLE_IDENTIFIER = com.litech.demo5;
				PRODUCT_NAME = "$(TARGET_NAME)";
				SWIFT_VERSION = 5.0;
				TARGETED_DEVICE_FAMILY = "1,2";
			};
			name = Release;
		};
		32BCD56625E17AA7008C2FC1 /* Debug */ = {
			isa = XCBuildConfiguration;
			buildSettings = {
				ALWAYS_EMBED_SWIFT_STANDARD_LIBRARIES = YES;
				BUNDLE_LOADER = "$(TEST_HOST)";
				CODE_SIGN_STYLE = Automatic;
				INFOPLIST_FILE = demo5Tests/Info.plist;
				IPHONEOS_DEPLOYMENT_TARGET = 14.4;
				LD_RUNPATH_SEARCH_PATHS = (
					"$(inherited)",
					"@executable_path/Frameworks",
					"@loader_path/Frameworks",
				);
				PRODUCT_BUNDLE_IDENTIFIER = com.litech.demo5Tests;
				PRODUCT_NAME = "$(TARGET_NAME)";
				SWIFT_VERSION = 5.0;
				TARGETED_DEVICE_FAMILY = "1,2";
				TEST_HOST = "$(BUILT_PRODUCTS_DIR)/demo5.app/demo5";
			};
			name = Debug;
		};
		32BCD56725E17AA7008C2FC1 /* Release */ = {
			isa = XCBuildConfiguration;
			buildSettings = {
				ALWAYS_EMBED_SWIFT_STANDARD_LIBRARIES = YES;
				BUNDLE_LOADER = "$(TEST_HOST)";
				CODE_SIGN_STYLE = Automatic;
				INFOPLIST_FILE = demo5Tests/Info.plist;
				IPHONEOS_DEPLOYMENT_TARGET = 14.4;
				LD_RUNPATH_SEARCH_PATHS = (
					"$(inherited)",
					"@executable_path/Frameworks",
					"@loader_path/Frameworks",
				);
				PRODUCT_BUNDLE_IDENTIFIER = com.litech.demo5Tests;
				PRODUCT_NAME = "$(TARGET_NAME)";
				SWIFT_VERSION = 5.0;
				TARGETED_DEVICE_FAMILY = "1,2";
				TEST_HOST = "$(BUILT_PRODUCTS_DIR)/demo5.app/demo5";
			};
			name = Release;
		};
		32BCD56925E17AA7008C2FC1 /* Debug */ = {
			isa = XCBuildConfiguration;
			buildSettings = {
				ALWAYS_EMBED_SWIFT_STANDARD_LIBRARIES = YES;
				CODE_SIGN_STYLE = Automatic;
				INFOPLIST_FILE = demo5UITests/Info.plist;
				LD_RUNPATH_SEARCH_PATHS = (
					"$(inherited)",
					"@executable_path/Frameworks",
					"@loader_path/Frameworks",
				);
				PRODUCT_BUNDLE_IDENTIFIER = com.litech.demo5UITests;
				PRODUCT_NAME = "$(TARGET_NAME)";
				SWIFT_VERSION = 5.0;
				TARGETED_DEVICE_FAMILY = "1,2";
				TEST_TARGET_NAME = demo5;
			};
			name = Debug;
		};
		32BCD56A25E17AA7008C2FC1 /* Release */ = {
			isa = XCBuildConfiguration;
			buildSettings = {
				ALWAYS_EMBED_SWIFT_STANDARD_LIBRARIES = YES;
				CODE_SIGN_STYLE = Automatic;
				INFOPLIST_FILE = demo5UITests/Info.plist;
				LD_RUNPATH_SEARCH_PATHS = (
					"$(inherited)",
					"@executable_path/Frameworks",
					"@loader_path/Frameworks",
				);
				PRODUCT_BUNDLE_IDENTIFIER = com.litech.demo5UITests;
				PRODUCT_NAME = "$(TARGET_NAME)";
				SWIFT_VERSION = 5.0;
				TARGETED_DEVICE_FAMILY = "1,2";
				TEST_TARGET_NAME = demo5;
			};
			name = Release;
		};
/* End XCBuildConfiguration section */

/* Begin XCConfigurationList section */
		32BCD53325E17AA2008C2FC1 /* Build configuration list for PBXProject "demo5" */ = {
			isa = XCConfigurationList;
			buildConfigurations = (
				32BCD56025E17AA7008C2FC1 /* Debug */,
				32BCD56125E17AA7008C2FC1 /* Release */,
			);
			defaultConfigurationIsVisible = 0;
			defaultConfigurationName = Release;
		};
		32BCD56225E17AA7008C2FC1 /* Build configuration list for PBXNativeTarget "demo5" */ = {
			isa = XCConfigurationList;
			buildConfigurations = (
				32BCD56325E17AA7008C2FC1 /* Debug */,
				32BCD56425E17AA7008C2FC1 /* Release */,
			);
			defaultConfigurationIsVisible = 0;
			defaultConfigurationName = Release;
		};
		32BCD56525E17AA7008C2FC1 /* Build configuration list for PBXNativeTarget "demo5Tests" */ = {
			isa = XCConfigurationList;
			buildConfigurations = (
				32BCD56625E17AA7008C2FC1 /* Debug */,
				32BCD56725E17AA7008C2FC1 /* Release */,
			);
			defaultConfigurationIsVisible = 0;
			defaultConfigurationName = Release;
		};
		32BCD56825E17AA7008C2FC1 /* Build configuration list for PBXNativeTarget "demo5UITests" */ = {
			isa = XCConfigurationList;
			buildConfigurations = (
				32BCD56925E17AA7008C2FC1 /* Debug */,
				32BCD56A25E17AA7008C2FC1 /* Release */,
			);
			defaultConfigurationIsVisible = 0;
			defaultConfigurationName = Release;
		};
/* End XCConfigurationList section */
	};
	rootObject = 32BCD53025E17AA2008C2FC1 /* Project object */;
}
